
Microsoft Visual Studio Solution File, Format Version 12.00
# Visual Studio Version 16
VisualStudioVersion = 25.0.1705.0
MinimumVisualStudioVersion = 10.0.40219.1
Project("{FAE04EC0-301F-11D3-BF4B-00C04F79EFBC}") = "Dice Roller Lab", "Dice Roller Lab\Dice Roller Lab.csproj", "{E2565F98-D8CA-44EB-8442-D1B73BD374EF}"
EndProject
Global
	GlobalSection(SolutionConfigurationPlatforms) = preSolution
		Debug|Any CPU = Debug|Any CPU
		Release|Any CPU = Release|Any CPU
	EndGlobalSection
	GlobalSection(ProjectConfigurationPlatforms) = postSolution
		{E2565F98-D8CA-44EB-8442-D1B73BD374EF}.Debug|Any CPU.ActiveCfg = Debug|Any CPU
		{E2565F98-D8CA-44EB-8442-D1B73BD374EF}.Debug|Any CPU.Build.0 = Debug|Any CPU
		{E2565F98-D8CA-44EB-8442-D1B73BD374EF}.Release|Any CPU.ActiveCfg = Release|Any CPU
		{E2565F98-D8CA-44EB-8442-D1B73BD374EF}.Release|Any CPU.Build.0 = Release|Any CPU
	EndGlobalSection
	GlobalSection(SolutionProperties) = preSolution
		HideSolutionNode = FALSE
	EndGlobalSection
	GlobalSection(ExtensibilityGlobals) = postSolution
		SolutionGuid = {801125C4-7F32-4903-B1C2-59CD7BADDB7C}
	EndGlobalSection
EndGlobal
